lockfileVersion: '9.0'

settings:
  autoInstallPeers: true
  excludeLinksFromLockfile: false

importers:

  .:
    dependencies:
      colors:
        specifier: git+https://github.com/tsaxking/colors.git
        version: colors.git@https://codeload.github.com/tsaxking/colors/tar.gz/3816079f2422a5e3e5b74c09aa0f884d0aef70fb
      material-icons:
        specifier: ^1.13.12
        version: 1.13.12
      math:
        specifier: github:tsaxking/calculations
        version: https://codeload.github.com/tsaxking/calculations/tar.gz/6f735b3ade72c81393ee5f07db93647c3d4fff91
      ts-utils:
        specifier: git+https://github.com/tsaxking/global-ts-utilities.git
        version: global-ts-utilities.git@https://codeload.github.com/tsaxking/global-ts-utilities/tar.gz/38893cf5725d9eef050e811f37e89da89ed00bd7
      typescript:
        specifier: ^5.7.2
        version: 5.7.2
    devDependencies:
      typedoc:
        specifier: ^0.28.9
        version: 0.28.9(typescript@5.7.2)
      typedoc-plugin-markdown:
        specifier: ^4.8.0
        version: 4.8.0(typedoc@0.28.9(typescript@5.7.2))

packages:

  '@gerrit0/mini-shiki@3.9.1':
    resolution: {integrity: sha512-quvtbDhNf528BkMHQQd8xGJMpmA5taDZuex/JDF8ETEjS2iypXzr1hnEUVh+lTUyffFJ0JCxysUsiuUoEGIz/Q==}

  '@shikijs/engine-oniguruma@3.9.1':
    resolution: {integrity: sha512-WPlL/xqviwS3te4unSGGGfflKsuHLMI6tPdNYvgz/IygcBT6UiwDFSzjBKyebwi5GGSlXsjjdoJLIBnAplmEZw==}

  '@shikijs/langs@3.9.1':
    resolution: {integrity: sha512-Vyy2Yv9PP3Veh3VSsIvNncOR+O93wFsNYgN2B6cCCJlS7H9SKFYc55edsqernsg8WT/zam1cfB6llJsQWLnVhA==}

  '@shikijs/themes@3.9.1':
    resolution: {integrity: sha512-zAykkGECNICCMXpKeVvq04yqwaSuAIvrf8MjsU5bzskfg4XreU+O0B5wdNCYRixoB9snd3YlZ373WV5E/g5T9A==}

  '@shikijs/types@3.9.1':
    resolution: {integrity: sha512-rqM3T7a0iM1oPKz9iaH/cVgNX9Vz1HERcUcXJ94/fulgVdwqfnhXzGxO4bLrAnh/o5CPLy3IcYedogfV+Ns0Qg==}

  '@shikijs/vscode-textmate@10.0.2':
    resolution: {integrity: sha512-83yeghZ2xxin3Nj8z1NMd/NCuca+gsYXswywDy5bHvwlWL8tpTQmzGeUuHd9FC3E/SBEMvzJRwWEOz5gGes9Qg==}

  '@types/hast@3.0.4':
    resolution: {integrity: sha512-WPs+bbQw5aCj+x6laNGWLH3wviHtoCv/P3+otBhbOhJgG8qtpdAMlTCxLtsTWA7LH1Oh/bFCHsBn0TPS5m30EQ==}

  '@types/unist@3.0.3':
    resolution: {integrity: sha512-ko/gIFJRv177XgZsZcBwnqJN5x/Gien8qNOn0D5bQU/zAzVf9Zt3BlcUiLqhV9y4ARk0GbT3tnUiPNgnTXzc/Q==}

  argparse@2.0.1:
    resolution: {integrity: sha512-8+9WqebbFzpX9OR+Wa6O29asIogeRMzcGtAINdpMHHyAg10f05aSFVBbcEqGf/PXw1EjAZ+q2/bEBg3DvurK3Q==}

  balanced-match@1.0.2:
    resolution: {integrity: sha512-3oSeUO0TMV67hN1AmbXsK4yaqU7tjiHlbxRDZOpH0KW9+CeX4bRAaX0Anxt0tx2MrpRpWwQaPwIlISEJhYU5Pw==}

  brace-expansion@2.0.2:
    resolution: {integrity: sha512-Jt0vHyM+jmUBqojB7E1NIYadt0vI0Qxjxd2TErW94wDz+E2LAm5vKMXXwg6ZZBTHPuUlDgQHKXvjGBdfcF1ZDQ==}

  colors.git@https://codeload.github.com/tsaxking/colors/tar.gz/3816079f2422a5e3e5b74c09aa0f884d0aef70fb:
    resolution: {tarball: https://codeload.github.com/tsaxking/colors/tar.gz/3816079f2422a5e3e5b74c09aa0f884d0aef70fb}
    version: 0.0.0

  entities@4.5.0:
    resolution: {integrity: sha512-V0hjH4dGPh9Ao5p0MoRY6BVqtwCjhz6vI5LT8AJ55H+4g9/4vbHx1I54fS0XuclLhDHArPQCiMjDxjaL8fPxhw==}
    engines: {node: '>=0.12'}

  global-ts-utilities.git@https://codeload.github.com/tsaxking/global-ts-utilities/tar.gz/38893cf5725d9eef050e811f37e89da89ed00bd7:
    resolution: {tarball: https://codeload.github.com/tsaxking/global-ts-utilities/tar.gz/38893cf5725d9eef050e811f37e89da89ed00bd7}
    version: 0.0.0

  linkify-it@5.0.0:
    resolution: {integrity: sha512-5aHCbzQRADcdP+ATqnDuhhJ/MRIqDkZX5pyjFHRRysS8vZ5AbqGEoFIb6pYHPZ+L/OC2Lc+xT8uHVVR5CAK/wQ==}

  lunr@2.3.9:
    resolution: {integrity: sha512-zTU3DaZaF3Rt9rhN3uBMGQD3dD2/vFQqnvZCDv4dl5iOzq2IZQqTxu90r4E5J+nP70J3ilqVCrbho2eWaeW8Ow==}

  markdown-it@14.1.0:
    resolution: {integrity: sha512-a54IwgWPaeBCAAsv13YgmALOF1elABB08FxO9i+r4VFk5Vl4pKokRPeX8u5TCgSsPi6ec1otfLjdOpVcgbpshg==}
    hasBin: true

  material-icons@1.13.12:
    resolution: {integrity: sha512-/2YoaB79IjUK2B2JB+vIXXYGtBfHb/XG66LvoKVM5ykHW7yfrV5SP6d7KLX6iijY6/G9GqwgtPQ/sbhFnOURVA==}

  math@https://codeload.github.com/tsaxking/calculations/tar.gz/6f735b3ade72c81393ee5f07db93647c3d4fff91:
    resolution: {tarball: https://codeload.github.com/tsaxking/calculations/tar.gz/6f735b3ade72c81393ee5f07db93647c3d4fff91}
    version: 1.0.0

  mdurl@2.0.0:
    resolution: {integrity: sha512-Lf+9+2r+Tdp5wXDXC4PcIBjTDtq4UKjCPMQhKIuzpJNW0b96kVqSwW0bT7FhRSfmAiFYgP+SCRvdrDozfh0U5w==}

  minimatch@9.0.5:
    resolution: {integrity: sha512-G6T0ZX48xgozx7587koeX9Ys2NYy6Gmv//P89sEte9V9whIapMNF4idKxnW2QtCcLiTWlb/wfCabAtAFWhhBow==}
    engines: {node: '>=16 || 14 >=14.17'}

  punycode.js@2.3.1:
    resolution: {integrity: sha512-uxFIHU0YlHYhDQtV4R9J6a52SLx28BCjT+4ieh7IGbgwVJWO+km431c4yRlREUAsAmt/uMjQUyQHNEPf0M39CA==}
    engines: {node: '>=6'}

  typedoc-plugin-markdown@4.8.0:
    resolution: {integrity: sha512-BQqXnT9PETe6WEFf8bcsvvGEGQHbwTo/BFyY+RUIsSB05Y0Wn56iF+fK1PY2OKJJIhV4kp4dp7osaP9Bm5a0Zw==}
    engines: {node: '>= 18'}
    peerDependencies:
      typedoc: 0.28.x

  typedoc@0.28.9:
    resolution: {integrity: sha512-aw45vwtwOl3QkUAmWCnLV9QW1xY+FSX2zzlit4MAfE99wX+Jij4ycnpbAWgBXsRrxmfs9LaYktg/eX5Bpthd3g==}
    engines: {node: '>= 18', pnpm: '>= 10'}
    hasBin: true
    peerDependencies:
      typescript: 5.0.x || 5.1.x || 5.2.x || 5.3.x || 5.4.x || 5.5.x || 5.6.x || 5.7.x || 5.8.x || 5.9.x

  typescript@5.7.2:
    resolution: {integrity: sha512-i5t66RHxDvVN40HfDd1PsEThGNnlMCMT3jMUuoh9/0TaqWevNontacunWyN02LA9/fIbEWlcHZcgTKb9QoaLfg==}
    engines: {node: '>=14.17'}
    hasBin: true

  uc.micro@2.1.0:
    resolution: {integrity: sha512-ARDJmphmdvUk6Glw7y9DQ2bFkKBHwQHLi2lsaH6PPmz/Ka9sFOBsBluozhDltWmnv9u/cF6Rt87znRTPV+yp/A==}

  yaml@2.8.0:
    resolution: {integrity: sha512-4lLa/EcQCB0cJkyts+FpIRx5G/llPxfP6VQU5KByHEhLxY3IJCH0f0Hy1MHI8sClTvsIb8qwRJ6R/ZdlDJ/leQ==}
    engines: {node: '>= 14.6'}
    hasBin: true

snapshots:

  '@gerrit0/mini-shiki@3.9.1':
    dependencies:
      '@shikijs/engine-oniguruma': 3.9.1
      '@shikijs/langs': 3.9.1
      '@shikijs/themes': 3.9.1
      '@shikijs/types': 3.9.1
      '@shikijs/vscode-textmate': 10.0.2

  '@shikijs/engine-oniguruma@3.9.1':
    dependencies:
      '@shikijs/types': 3.9.1
      '@shikijs/vscode-textmate': 10.0.2

  '@shikijs/langs@3.9.1':
    dependencies:
      '@shikijs/types': 3.9.1

  '@shikijs/themes@3.9.1':
    dependencies:
      '@shikijs/types': 3.9.1

  '@shikijs/types@3.9.1':
    dependencies:
      '@shikijs/vscode-textmate': 10.0.2
      '@types/hast': 3.0.4

  '@shikijs/vscode-textmate@10.0.2': {}

  '@types/hast@3.0.4':
    dependencies:
      '@types/unist': 3.0.3

  '@types/unist@3.0.3': {}

  argparse@2.0.1: {}

  balanced-match@1.0.2: {}

  brace-expansion@2.0.2:
    dependencies:
      balanced-match: 1.0.2

  colors.git@https://codeload.github.com/tsaxking/colors/tar.gz/3816079f2422a5e3e5b74c09aa0f884d0aef70fb: {}

  entities@4.5.0: {}

  global-ts-utilities.git@https://codeload.github.com/tsaxking/global-ts-utilities/tar.gz/38893cf5725d9eef050e811f37e89da89ed00bd7: {}

  linkify-it@5.0.0:
    dependencies:
      uc.micro: 2.1.0

  lunr@2.3.9: {}

  markdown-it@14.1.0:
    dependencies:
      argparse: 2.0.1
      entities: 4.5.0
      linkify-it: 5.0.0
      mdurl: 2.0.0
      punycode.js: 2.3.1
      uc.micro: 2.1.0

  material-icons@1.13.12: {}

  math@https://codeload.github.com/tsaxking/calculations/tar.gz/6f735b3ade72c81393ee5f07db93647c3d4fff91:
    dependencies:
      typescript: 5.7.2

  mdurl@2.0.0: {}

  minimatch@9.0.5:
    dependencies:
      brace-expansion: 2.0.2

  punycode.js@2.3.1: {}

  typedoc-plugin-markdown@4.8.0(typedoc@0.28.9(typescript@5.7.2)):
    dependencies:
      typedoc: 0.28.9(typescript@5.7.2)

  typedoc@0.28.9(typescript@5.7.2):
    dependencies:
      '@gerrit0/mini-shiki': 3.9.1
      lunr: 2.3.9
      markdown-it: 14.1.0
      minimatch: 9.0.5
      typescript: 5.7.2
      yaml: 2.8.0

  typescript@5.7.2: {}

  uc.micro@2.1.0: {}

  yaml@2.8.0: {}
